github.com/Azure/go-ntlmssp v0.1.1 h1:l+FM/EEMb0U9QZE7mKNEDw5Mu3mFiaa2GKOoTSsNDPw=
github.com/Azure/go-ntlmssp v0.1.1/go.mod h1:NYqdhxd/8aAct/s4qSYZEerdPuH1liG2/X9DiVTbhpk=
github.com/go-asn1-ber/asn1-ber v1.5.8 h1:H9AZkK22UOmfX8J84ubyaZxKJZ3FMHVwn8swoMML7iQ=
github.com/go-asn1-ber/asn1-ber v1.5.8/go.mod h1:hEBeB/ic+5LoWskz+yKT7vGhhPYkProFKoKdwZRWMe0=
github.com/go-ldap/ldap/v3 v3.4.14 h1:D6PYdEgsaVzsXyr6w/yDC06Ria4uUhWm+Rb+er8lfAs=
github.com/go-ldap/ldap/v3 v3.4.14/go.mod h1:S4eJUMUNjDkE0ZJtIZdybwyb03sGGLW6gxXT1Hs8VKA=
github.com/google/uuid v1.6.0 h1:NIvaJDMOsjHA8n1jAhLSgzrAzy1Hgr+hNrb57e+94F0=
github.com/google/uuid v1.6.0/go.mod h1:TIyPZe4MgqvfeYDBFedMoGGpEw/LqOeaOT+nhxU+yHo=
github.com/vjeantet/goldap v0.0.0-20260720153039-a51461838017 h1:mxK/9vZpUOR0cbPGIbWBVSXbtlU1WyiI1LCHDUVmRDw=
github.com/vjeantet/goldap v0.0.0-20260720153039-a51461838017/go.mod h1:aj1IFnuSzoqIC0eLF+d92jyaS8j+zYMnxL6uj5cIlh0=
github.com/vjeantet/ldapserver v1.0.2-0.20260725103726-663e6b9910fb h1:UtJy8LPJQqlroFRWLVNlrfMxlyK+2HOh8Dmj1q20KCQ=
github.com/vjeantet/ldapserver v1.0.2-0.20260725103726-663e6b9910fb/go.mod h1:vXBy4rYGoovObq42JufxFhi2CH9d09EaYnBZC64MULo=
golang.org/x/crypto v0.54.0 h1:YLIA59K4fiNzHzjnZt2tUJQjQtUWfWbeHBqKtk3eScw=
golang.org/x/crypto v0.54.0/go.mod h1:KWL8ny2AZdGR2cWmzeHrp2azQPGogOv+HeQaVEXC2dk=
